
Microsoft Visual Studio Solution File, Format Version 10.00
# Visual Studio 2008
Project("{FAE04EC0-301F-11D3-BF4B-00C04F79EFBC}") = "Morphing", "Morphing.csproj", "{2CF9B174-8D5C-4629-8A10-7B35D40DE9CD}"
EndProject
Project("{FAE04EC0-301F-11D3-BF4B-00C04F79EFBC}") = "VectorEditor.NET", "VectorEditor.Net\VectorEditor.NET.csproj", "{45C03E9D-DE10-476F-A456-F4CCBB8B8647}"
EndProject
Global
	GlobalSection(SolutionConfigurationPlatforms) = preSolution
		Debug|Any CPU = Debug|Any CPU
		Release|Any CPU = Release|Any CPU
	EndGlobalSection
	GlobalSection(ProjectConfigurationPlatforms) = postSolution
		{2CF9B174-8D5C-4629-8A10-7B35D40DE9CD}.Debug|Any CPU.ActiveCfg = Debug|Any CPU
		{2CF9B174-8D5C-4629-8A10-7B35D40DE9CD}.Debug|Any CPU.Build.0 = Debug|Any CPU
		{2CF9B174-8D5C-4629-8A10-7B35D40DE9CD}.Release|Any CPU.ActiveCfg = Release|Any CPU
		{2CF9B174-8D5C-4629-8A10-7B35D40DE9CD}.Release|Any CPU.Build.0 = Release|Any CPU
		{45C03E9D-DE10-476F-A456-F4CCBB8B8647}.Debug|Any CPU.ActiveCfg = Debug|Any CPU
		{45C03E9D-DE10-476F-A456-F4CCBB8B8647}.Debug|Any CPU.Build.0 = Debug|Any CPU
		{45C03E9D-DE10-476F-A456-F4CCBB8B8647}.Release|Any CPU.ActiveCfg = Release|Any CPU
		{45C03E9D-DE10-476F-A456-F4CCBB8B8647}.Release|Any CPU.Build.0 = Release|Any CPU
	EndGlobalSection
	GlobalSection(SolutionProperties) = preSolution
		HideSolutionNode = FALSE
	EndGlobalSection
EndGlobal
